<?xml version="1.0" encoding="UTF-8"?>
<CodeBlocks_project_file>
	<FileVersion major="1" minor="6"/>
	<Project>
		<Option title="COMP6771_LAB_001"/>
		<Option makefile_is_custom="1"/>
		<Option compiler="clang"/>
		<Option virtualFolders="CMake Files\;"/>
		<Build>
			<Target title="all">
				<Option working_dir="/mnt/e/6771_T2/ass2"/>
				<Option type="4"/>
				<MakeCommands>
					<Build command="/usr/bin/gmake -j20 -f &quot;/mnt/e/6771_T2/ass2/Makefile&quot;  VERBOSE=1 all"/>
					<CompileFile command="/usr/bin/gmake -j20 -f &quot;/mnt/e/6771_T2/ass2/Makefile&quot;  VERBOSE=1 &quot;$file&quot;"/>
					<Clean command="/usr/bin/gmake -j20 -f &quot;/mnt/e/6771_T2/ass2/Makefile&quot;  VERBOSE=1 clean"/>
					<DistClean command="/usr/bin/gmake -j20 -f &quot;/mnt/e/6771_T2/ass2/Makefile&quot;  VERBOSE=1 clean"/>
				</MakeCommands>
			</Target>
			<Target title="catch2_main">
				<Option output="/mnt/e/6771_T2/ass2/libcatch2_main.a" prefix_auto="0" extension_auto="0"/>
				<Option working_dir="/mnt/e/6771_T2/ass2"/>
				<Option object_output="./"/>
				<Option type="2"/>
				<Option compiler="clang"/>
				<Compiler>
					<Add directory="/mnt/e/6771_T2/ass2/lib"/>
					<Add directory="/usr/bin/../lib/gcc/x86_64-linux-gnu/12/../../../../include/c++/12"/>
					<Add directory="/usr/bin/../lib/gcc/x86_64-linux-gnu/12/../../../../include/x86_64-linux-gnu/c++/12"/>
					<Add directory="/usr/bin/../lib/gcc/x86_64-linux-gnu/12/../../../../include/c++/12/backward"/>
					<Add directory="/usr/lib/llvm-14/lib/clang/14.0.6/include"/>
					<Add directory="/usr/local/include"/>
					<Add directory="/usr/include/x86_64-linux-gnu"/>
					<Add directory="/usr/include"/>
				</Compiler>
				<MakeCommands>
					<Build command="/usr/bin/gmake -j20 -f &quot;/mnt/e/6771_T2/ass2/Makefile&quot;  VERBOSE=1 catch2_main"/>
					<CompileFile command="/usr/bin/gmake -j20 -f &quot;/mnt/e/6771_T2/ass2/Makefile&quot;  VERBOSE=1 &quot;$file&quot;"/>
					<Clean command="/usr/bin/gmake -j20 -f &quot;/mnt/e/6771_T2/ass2/Makefile&quot;  VERBOSE=1 clean"/>
					<DistClean command="/usr/bin/gmake -j20 -f &quot;/mnt/e/6771_T2/ass2/Makefile&quot;  VERBOSE=1 clean"/>
				</MakeCommands>
			</Target>
			<Target title="catch2_main/fast">
				<Option output="/mnt/e/6771_T2/ass2/libcatch2_main.a" prefix_auto="0" extension_auto="0"/>
				<Option working_dir="/mnt/e/6771_T2/ass2"/>
				<Option object_output="./"/>
				<Option type="2"/>
				<Option compiler="clang"/>
				<Compiler>
					<Add directory="/mnt/e/6771_T2/ass2/lib"/>
					<Add directory="/usr/bin/../lib/gcc/x86_64-linux-gnu/12/../../../../include/c++/12"/>
					<Add directory="/usr/bin/../lib/gcc/x86_64-linux-gnu/12/../../../../include/x86_64-linux-gnu/c++/12"/>
					<Add directory="/usr/bin/../lib/gcc/x86_64-linux-gnu/12/../../../../include/c++/12/backward"/>
					<Add directory="/usr/lib/llvm-14/lib/clang/14.0.6/include"/>
					<Add directory="/usr/local/include"/>
					<Add directory="/usr/include/x86_64-linux-gnu"/>
					<Add directory="/usr/include"/>
				</Compiler>
				<MakeCommands>
					<Build command="/usr/bin/gmake -j20 -f &quot;/mnt/e/6771_T2/ass2/Makefile&quot;  VERBOSE=1 catch2_main/fast"/>
					<CompileFile command="/usr/bin/gmake -j20 -f &quot;/mnt/e/6771_T2/ass2/Makefile&quot;  VERBOSE=1 &quot;$file&quot;"/>
					<Clean command="/usr/bin/gmake -j20 -f &quot;/mnt/e/6771_T2/ass2/Makefile&quot;  VERBOSE=1 clean"/>
					<DistClean command="/usr/bin/gmake -j20 -f &quot;/mnt/e/6771_T2/ass2/Makefile&quot;  VERBOSE=1 clean"/>
				</MakeCommands>
			</Target>
			<Target title="filtered_string_view">
				<Option output="/mnt/e/6771_T2/ass2/libfiltered_string_view.a" prefix_auto="0" extension_auto="0"/>
				<Option working_dir="/mnt/e/6771_T2/ass2"/>
				<Option object_output="./"/>
				<Option type="2"/>
				<Option compiler="clang"/>
				<Compiler>
					<Add directory="/mnt/e/6771_T2/ass2/lib"/>
					<Add directory="/usr/bin/../lib/gcc/x86_64-linux-gnu/12/../../../../include/c++/12"/>
					<Add directory="/usr/bin/../lib/gcc/x86_64-linux-gnu/12/../../../../include/x86_64-linux-gnu/c++/12"/>
					<Add directory="/usr/bin/../lib/gcc/x86_64-linux-gnu/12/../../../../include/c++/12/backward"/>
					<Add directory="/usr/lib/llvm-14/lib/clang/14.0.6/include"/>
					<Add directory="/usr/local/include"/>
					<Add directory="/usr/include/x86_64-linux-gnu"/>
					<Add directory="/usr/include"/>
				</Compiler>
				<MakeCommands>
					<Build command="/usr/bin/gmake -j20 -f &quot;/mnt/e/6771_T2/ass2/Makefile&quot;  VERBOSE=1 filtered_string_view"/>
					<CompileFile command="/usr/bin/gmake -j20 -f &quot;/mnt/e/6771_T2/ass2/Makefile&quot;  VERBOSE=1 &quot;$file&quot;"/>
					<Clean command="/usr/bin/gmake -j20 -f &quot;/mnt/e/6771_T2/ass2/Makefile&quot;  VERBOSE=1 clean"/>
					<DistClean command="/usr/bin/gmake -j20 -f &quot;/mnt/e/6771_T2/ass2/Makefile&quot;  VERBOSE=1 clean"/>
				</MakeCommands>
			</Target>
			<Target title="filtered_string_view/fast">
				<Option output="/mnt/e/6771_T2/ass2/libfiltered_string_view.a" prefix_auto="0" extension_auto="0"/>
				<Option working_dir="/mnt/e/6771_T2/ass2"/>
				<Option object_output="./"/>
				<Option type="2"/>
				<Option compiler="clang"/>
				<Compiler>
					<Add directory="/mnt/e/6771_T2/ass2/lib"/>
					<Add directory="/usr/bin/../lib/gcc/x86_64-linux-gnu/12/../../../../include/c++/12"/>
					<Add directory="/usr/bin/../lib/gcc/x86_64-linux-gnu/12/../../../../include/x86_64-linux-gnu/c++/12"/>
					<Add directory="/usr/bin/../lib/gcc/x86_64-linux-gnu/12/../../../../include/c++/12/backward"/>
					<Add directory="/usr/lib/llvm-14/lib/clang/14.0.6/include"/>
					<Add directory="/usr/local/include"/>
					<Add directory="/usr/include/x86_64-linux-gnu"/>
					<Add directory="/usr/include"/>
				</Compiler>
				<MakeCommands>
					<Build command="/usr/bin/gmake -j20 -f &quot;/mnt/e/6771_T2/ass2/Makefile&quot;  VERBOSE=1 filtered_string_view/fast"/>
					<CompileFile command="/usr/bin/gmake -j20 -f &quot;/mnt/e/6771_T2/ass2/Makefile&quot;  VERBOSE=1 &quot;$file&quot;"/>
					<Clean command="/usr/bin/gmake -j20 -f &quot;/mnt/e/6771_T2/ass2/Makefile&quot;  VERBOSE=1 clean"/>
					<DistClean command="/usr/bin/gmake -j20 -f &quot;/mnt/e/6771_T2/ass2/Makefile&quot;  VERBOSE=1 clean"/>
				</MakeCommands>
			</Target>
			<Target title="filtered_string_view_test">
				<Option output="/mnt/e/6771_T2/ass2/filtered_string_view_test" prefix_auto="0" extension_auto="0"/>
				<Option working_dir="/mnt/e/6771_T2/ass2"/>
				<Option object_output="./"/>
				<Option type="1"/>
				<Option compiler="clang"/>
				<Compiler>
					<Add directory="/mnt/e/6771_T2/ass2/lib"/>
					<Add directory="/usr/bin/../lib/gcc/x86_64-linux-gnu/12/../../../../include/c++/12"/>
					<Add directory="/usr/bin/../lib/gcc/x86_64-linux-gnu/12/../../../../include/x86_64-linux-gnu/c++/12"/>
					<Add directory="/usr/bin/../lib/gcc/x86_64-linux-gnu/12/../../../../include/c++/12/backward"/>
					<Add directory="/usr/lib/llvm-14/lib/clang/14.0.6/include"/>
					<Add directory="/usr/local/include"/>
					<Add directory="/usr/include/x86_64-linux-gnu"/>
					<Add directory="/usr/include"/>
				</Compiler>
				<MakeCommands>
					<Build command="/usr/bin/gmake -j20 -f &quot;/mnt/e/6771_T2/ass2/Makefile&quot;  VERBOSE=1 filtered_string_view_test"/>
					<CompileFile command="/usr/bin/gmake -j20 -f &quot;/mnt/e/6771_T2/ass2/Makefile&quot;  VERBOSE=1 &quot;$file&quot;"/>
					<Clean command="/usr/bin/gmake -j20 -f &quot;/mnt/e/6771_T2/ass2/Makefile&quot;  VERBOSE=1 clean"/>
					<DistClean command="/usr/bin/gmake -j20 -f &quot;/mnt/e/6771_T2/ass2/Makefile&quot;  VERBOSE=1 clean"/>
				</MakeCommands>
			</Target>
			<Target title="filtered_string_view_test/fast">
				<Option output="/mnt/e/6771_T2/ass2/filtered_string_view_test" prefix_auto="0" extension_auto="0"/>
				<Option working_dir="/mnt/e/6771_T2/ass2"/>
				<Option object_output="./"/>
				<Option type="1"/>
				<Option compiler="clang"/>
				<Compiler>
					<Add directory="/mnt/e/6771_T2/ass2/lib"/>
					<Add directory="/usr/bin/../lib/gcc/x86_64-linux-gnu/12/../../../../include/c++/12"/>
					<Add directory="/usr/bin/../lib/gcc/x86_64-linux-gnu/12/../../../../include/x86_64-linux-gnu/c++/12"/>
					<Add directory="/usr/bin/../lib/gcc/x86_64-linux-gnu/12/../../../../include/c++/12/backward"/>
					<Add directory="/usr/lib/llvm-14/lib/clang/14.0.6/include"/>
					<Add directory="/usr/local/include"/>
					<Add directory="/usr/include/x86_64-linux-gnu"/>
					<Add directory="/usr/include"/>
				</Compiler>
				<MakeCommands>
					<Build command="/usr/bin/gmake -j20 -f &quot;/mnt/e/6771_T2/ass2/Makefile&quot;  VERBOSE=1 filtered_string_view_test/fast"/>
					<CompileFile command="/usr/bin/gmake -j20 -f &quot;/mnt/e/6771_T2/ass2/Makefile&quot;  VERBOSE=1 &quot;$file&quot;"/>
					<Clean command="/usr/bin/gmake -j20 -f &quot;/mnt/e/6771_T2/ass2/Makefile&quot;  VERBOSE=1 clean"/>
					<DistClean command="/usr/bin/gmake -j20 -f &quot;/mnt/e/6771_T2/ass2/Makefile&quot;  VERBOSE=1 clean"/>
				</MakeCommands>
			</Target>
			<Target title="test">
				<Option working_dir="/mnt/e/6771_T2/ass2"/>
				<Option type="4"/>
				<MakeCommands>
					<Build command="/usr/bin/gmake -j20 -f &quot;/mnt/e/6771_T2/ass2/Makefile&quot;  VERBOSE=1 test"/>
					<CompileFile command="/usr/bin/gmake -j20 -f &quot;/mnt/e/6771_T2/ass2/Makefile&quot;  VERBOSE=1 &quot;$file&quot;"/>
					<Clean command="/usr/bin/gmake -j20 -f &quot;/mnt/e/6771_T2/ass2/Makefile&quot;  VERBOSE=1 clean"/>
					<DistClean command="/usr/bin/gmake -j20 -f &quot;/mnt/e/6771_T2/ass2/Makefile&quot;  VERBOSE=1 clean"/>
				</MakeCommands>
			</Target>
			<Target title="edit_cache">
				<Option working_dir="/mnt/e/6771_T2/ass2"/>
				<Option type="4"/>
				<MakeCommands>
					<Build command="/usr/bin/gmake -j20 -f &quot;/mnt/e/6771_T2/ass2/Makefile&quot;  VERBOSE=1 edit_cache"/>
					<CompileFile command="/usr/bin/gmake -j20 -f &quot;/mnt/e/6771_T2/ass2/Makefile&quot;  VERBOSE=1 &quot;$file&quot;"/>
					<Clean command="/usr/bin/gmake -j20 -f &quot;/mnt/e/6771_T2/ass2/Makefile&quot;  VERBOSE=1 clean"/>
					<DistClean command="/usr/bin/gmake -j20 -f &quot;/mnt/e/6771_T2/ass2/Makefile&quot;  VERBOSE=1 clean"/>
				</MakeCommands>
			</Target>
			<Target title="rebuild_cache">
				<Option working_dir="/mnt/e/6771_T2/ass2"/>
				<Option type="4"/>
				<MakeCommands>
					<Build command="/usr/bin/gmake -j20 -f &quot;/mnt/e/6771_T2/ass2/Makefile&quot;  VERBOSE=1 rebuild_cache"/>
					<CompileFile command="/usr/bin/gmake -j20 -f &quot;/mnt/e/6771_T2/ass2/Makefile&quot;  VERBOSE=1 &quot;$file&quot;"/>
					<Clean command="/usr/bin/gmake -j20 -f &quot;/mnt/e/6771_T2/ass2/Makefile&quot;  VERBOSE=1 clean"/>
					<DistClean command="/usr/bin/gmake -j20 -f &quot;/mnt/e/6771_T2/ass2/Makefile&quot;  VERBOSE=1 clean"/>
				</MakeCommands>
			</Target>
		</Build>
		<Unit filename="/mnt/e/6771_T2/ass2/lib/catch2_main.cpp">
			<Option target="catch2_main"/>
		</Unit>
		<Unit filename="/mnt/e/6771_T2/ass2/src/filtered_string_view.cpp">
			<Option target="filtered_string_view"/>
		</Unit>
		<Unit filename="/mnt/e/6771_T2/ass2/src/filtered_string_view.h">
			<Option target="filtered_string_view"/>
		</Unit>
		<Unit filename="/mnt/e/6771_T2/ass2/src/filtered_string_view.test.cpp">
			<Option target="filtered_string_view_test"/>
		</Unit>
		<Unit filename="/mnt/e/6771_T2/ass2/CMakeLists.txt">
			<Option virtualFolder="CMake Files\"/>
		</Unit>
	</Project>
</CodeBlocks_project_file>
